
Microsoft Visual Studio Solution File, Format Version 12.00
# Visual Studio Version 17
VisualStudioVersion = 17.1.32210.238
MinimumVisualStudioVersion = 10.0.40219.1
Project("{9A19103F-16F7-4668-BE54-9A1E7A4F7556}") = "API", "API\API.csproj", "{AB3D12A5-855D-4965-9B32-CB84135309CD}"
EndProject
Project("{9A19103F-16F7-4668-BE54-9A1E7A4F7556}") = "BAL", "BAL\BAL.csproj", "{77970F2D-C9A7-4C0A-806C-7222124FD14F}"
EndProject
Project("{9A19103F-16F7-4668-BE54-9A1E7A4F7556}") = "Common", "Common\Common.csproj", "{04E392B9-043C-44CB-BCCE-9DBB24C3BA6D}"
EndProject
Project("{9A19103F-16F7-4668-BE54-9A1E7A4F7556}") = "DTO", "DTO\DTO.csproj", "{77B5A831-6CB4-49F3-A043-3AD31F98BB6B}"
EndProject
Project("{9A19103F-16F7-4668-BE54-9A1E7A4F7556}") = "ExceptionHandling", "ExceptionHandling\ExceptionHandling.csproj", "{1E98DF7B-156E-4EFF-AA1A-73BD7424AB7C}"
EndProject
Global
	GlobalSection(SolutionConfigurationPlatforms) = preSolution
		Debug|Any CPU = Debug|Any CPU
		Release|Any CPU = Release|Any CPU
	EndGlobalSection
	GlobalSection(ProjectConfigurationPlatforms) = postSolution
		{AB3D12A5-855D-4965-9B32-CB84135309CD}.Debug|Any CPU.ActiveCfg = Debug|Any CPU
		{AB3D12A5-855D-4965-9B32-CB84135309CD}.Debug|Any CPU.Build.0 = Debug|Any CPU
		{AB3D12A5-855D-4965-9B32-CB84135309CD}.Release|Any CPU.ActiveCfg = Release|Any CPU
		{AB3D12A5-855D-4965-9B32-CB84135309CD}.Release|Any CPU.Build.0 = Release|Any CPU
		{77970F2D-C9A7-4C0A-806C-7222124FD14F}.Debug|Any CPU.ActiveCfg = Debug|Any CPU
		{77970F2D-C9A7-4C0A-806C-7222124FD14F}.Debug|Any CPU.Build.0 = Debug|Any CPU
		{77970F2D-C9A7-4C0A-806C-7222124FD14F}.Release|Any CPU.ActiveCfg = Release|Any CPU
		{77970F2D-C9A7-4C0A-806C-7222124FD14F}.Release|Any CPU.Build.0 = Release|Any CPU
		{04E392B9-043C-44CB-BCCE-9DBB24C3BA6D}.Debug|Any CPU.ActiveCfg = Debug|Any CPU
		{04E392B9-043C-44CB-BCCE-9DBB24C3BA6D}.Debug|Any CPU.Build.0 = Debug|Any CPU
		{04E392B9-043C-44CB-BCCE-9DBB24C3BA6D}.Release|Any CPU.ActiveCfg = Release|Any CPU
		{04E392B9-043C-44CB-BCCE-9DBB24C3BA6D}.Release|Any CPU.Build.0 = Release|Any CPU
		{77B5A831-6CB4-49F3-A043-3AD31F98BB6B}.Debug|Any CPU.ActiveCfg = Debug|Any CPU
		{77B5A831-6CB4-49F3-A043-3AD31F98BB6B}.Debug|Any CPU.Build.0 = Debug|Any CPU
		{77B5A831-6CB4-49F3-A043-3AD31F98BB6B}.Release|Any CPU.ActiveCfg = Release|Any CPU
		{77B5A831-6CB4-49F3-A043-3AD31F98BB6B}.Release|Any CPU.Build.0 = Release|Any CPU
		{1E98DF7B-156E-4EFF-AA1A-73BD7424AB7C}.Debug|Any CPU.ActiveCfg = Debug|Any CPU
		{1E98DF7B-156E-4EFF-AA1A-73BD7424AB7C}.Debug|Any CPU.Build.0 = Debug|Any CPU
		{1E98DF7B-156E-4EFF-AA1A-73BD7424AB7C}.Release|Any CPU.ActiveCfg = Release|Any CPU
		{1E98DF7B-156E-4EFF-AA1A-73BD7424AB7C}.Release|Any CPU.Build.0 = Release|Any CPU
	EndGlobalSection
	GlobalSection(SolutionProperties) = preSolution
		HideSolutionNode = FALSE
	EndGlobalSection
	GlobalSection(ExtensibilityGlobals) = postSolution
		SolutionGuid = {DAFDDAC3-A7EC-4E38-9DAE-B85279B9C20F}
	EndGlobalSection
EndGlobal
